# This file was autogenerated by Stack.
# You should not edit this file by hand.
# For more information, please see the documentation at:
#   https://docs.haskellstack.org/en/stable/lock_files

packages:
- completed:
    hackage: HUnit-Plus-2.0.0@sha256:97e816230f532f689812b871e6104bb3ea31e72b27d215d177992679955471ac,3118
    pantry-tree:
      size: 1693
      sha256: ab987eca2d4747a0d96de45221d66243fc00cc9b2406dbbf218c9805862e62f4
  original:
    hackage: HUnit-Plus-2.0.0
snapshots:
- completed:
    size: 585817
    url: https://raw.githubusercontent.com/commercialhaskell/stackage-snapshots/master/lts/18/5.yaml
    sha256: 22d24d0dacad9c1450b9a174c28d203f9bb482a2a8da9710a2f2a9f4afee2887
  original:
    url: https://raw.githubusercontent.com/commercialhaskell/stackage-snapshots/master/lts/18/5.yaml
